
Microsoft Visual Studio Solution File, Format Version 12.00
# Visual Studio Version 17
VisualStudioVersion = 17.6.33723.286
MinimumVisualStudioVersion = 10.0.40219.1
Project("{FAE04EC0-301F-11D3-BF4B-00C04F79EFBC}") = "Api_Task", "Api_Task\Api_Task.csproj", "{C124977C-BCF2-42C5-9ACD-6FD31E4C3998}"
EndProject
Project("{FAE04EC0-301F-11D3-BF4B-00C04F79EFBC}") = "ApiTask.core", "ApiTask.Core\ApiTask.core.csproj", "{E8158075-700C-49D8-8EBE-F7587A1F509F}"
EndProject
Project("{FAE04EC0-301F-11D3-BF4B-00C04F79EFBC}") = "ApiTask.Service", "ApiTask.Service\ApiTask.Service.csproj", "{24E5078D-3696-46C5-AF05-54773796A167}"
EndProject
Project("{FAE04EC0-301F-11D3-BF4B-00C04F79EFBC}") = "ApiTask.Data", "ApiTask.Data\ApiTask.Data.csproj", "{3C0486E5-5B8C-4593-8E2C-D75CAACF37FB}"
EndProject
Global
	GlobalSection(SolutionConfigurationPlatforms) = preSolution
		Debug|Any CPU = Debug|Any CPU
		Release|Any CPU = Release|Any CPU
	EndGlobalSection
	GlobalSection(ProjectConfigurationPlatforms) = postSolution
		{C124977C-BCF2-42C5-9ACD-6FD31E4C3998}.Debug|Any CPU.ActiveCfg = Debug|Any CPU
		{C124977C-BCF2-42C5-9ACD-6FD31E4C3998}.Debug|Any CPU.Build.0 = Debug|Any CPU
		{C124977C-BCF2-42C5-9ACD-6FD31E4C3998}.Release|Any CPU.ActiveCfg = Release|Any CPU
		{C124977C-BCF2-42C5-9ACD-6FD31E4C3998}.Release|Any CPU.Build.0 = Release|Any CPU
		{E8158075-700C-49D8-8EBE-F7587A1F509F}.Debug|Any CPU.ActiveCfg = Debug|Any CPU
		{E8158075-700C-49D8-8EBE-F7587A1F509F}.Debug|Any CPU.Build.0 = Debug|Any CPU
		{E8158075-700C-49D8-8EBE-F7587A1F509F}.Release|Any CPU.ActiveCfg = Release|Any CPU
		{E8158075-700C-49D8-8EBE-F7587A1F509F}.Release|Any CPU.Build.0 = Release|Any CPU
		{24E5078D-3696-46C5-AF05-54773796A167}.Debug|Any CPU.ActiveCfg = Debug|Any CPU
		{24E5078D-3696-46C5-AF05-54773796A167}.Debug|Any CPU.Build.0 = Debug|Any CPU
		{24E5078D-3696-46C5-AF05-54773796A167}.Release|Any CPU.ActiveCfg = Release|Any CPU
		{24E5078D-3696-46C5-AF05-54773796A167}.Release|Any CPU.Build.0 = Release|Any CPU
		{3C0486E5-5B8C-4593-8E2C-D75CAACF37FB}.Debug|Any CPU.ActiveCfg = Debug|Any CPU
		{3C0486E5-5B8C-4593-8E2C-D75CAACF37FB}.Debug|Any CPU.Build.0 = Debug|Any CPU
		{3C0486E5-5B8C-4593-8E2C-D75CAACF37FB}.Release|Any CPU.ActiveCfg = Release|Any CPU
		{3C0486E5-5B8C-4593-8E2C-D75CAACF37FB}.Release|Any CPU.Build.0 = Release|Any CPU
	EndGlobalSection
	GlobalSection(SolutionProperties) = preSolution
		HideSolutionNode = FALSE
	EndGlobalSection
	GlobalSection(ExtensibilityGlobals) = postSolution
		SolutionGuid = {0436A0AD-BCA0-42C6-89E3-89C008910CC6}
	EndGlobalSection
EndGlobal
